// !$*UTF8*$!
{
	archiveVersion = 1;
	classes = {
	};
	objectVersion = 46;
	objects = {

/* Begin PBXBuildFile section */
		3FD23BC11AE10A2700DF976F /* main.m in Sources */ = {isa = PBXBuildFile; fileRef = 3FD23BC01AE10A2700DF976F /* main.m */; };
		3FD23BC41AE10A2700DF976F /* AppDelegate.m in Sources */ = {isa = PBXBuildFile; fileRef = 3FD23BC31AE10A2700DF976F /* AppDelegate.m */; };
		3FD23BC71AE10A2700DF976F /* ViewController.m in Sources */ = {isa = PBXBuildFile; fileRef = 3FD23BC61AE10A2700DF976F /* ViewController.m */; };
		3FD23BCA1AE10A2700DF976F /* Main.storyboard in Resources */ = {isa = PBXBuildFile; fileRef = 3FD23BC81AE10A2700DF976F /* Main.storyboard */; };
		3FD23BCC1AE10A2700DF976F /* Images.xcassets in Resources */ = {isa = PBXBuildFile; fileRef = 3FD23BCB1AE10A2700DF976F /* Images.xcassets */; };
		3FD23BCF1AE10A2700DF976F /* LaunchScreen.xib in Resources */ = {isa = PBXBuildFile; fileRef = 3FD23BCD1AE10A2700DF976F /* LaunchScreen.xib */; };
		3FD23BDB1AE10A2700DF976F /* PCMinerTests.m in Sources */ = {isa = PBXBuildFile; fileRef = 3FD23BDA1AE10A2700DF976F /* PCMinerTests.m */; };
		3FD23BE71AE1190C00DF976F /* Device.m in Sources */ = {isa = PBXBuildFile; fileRef = 3FD23BE61AE1190C00DF976F /* Device.m */; };
		3FD23BEA1AE11EC400DF976F /* Computer.m in Sources */ = {isa = PBXBuildFile; fileRef = 3FD23BE91AE11EC400DF976F /* Computer.m */; };
		3FD23BED1AE129A600DF976F /* Room.m in Sources */ = {isa = PBXBuildFile; fileRef = 3FD23BEC1AE129A600DF976F /* Room.m */; };
		3FD23BF81AE13EBF00DF976F /* RoomInteractor.m in Sources */ = {isa = PBXBuildFile; fileRef = 3FD23BF71AE13EBF00DF976F /* RoomInteractor.m */; };
		3FD23BFB1AE14F3400DF976F /* RoomViewModel.m in Sources */ = {isa = PBXBuildFile; fileRef = 3FD23BFA1AE14F3400DF976F /* RoomViewModel.m */; };
		3FD23BFE1AE1519100DF976F /* DataStore.m in Sources */ = {isa = PBXBuildFile; fileRef = 3FD23BFD1AE1519100DF976F /* DataStore.m */; };
		3FD23C021AE1543C00DF976F /* RoomEntity.m in Sources */ = {isa = PBXBuildFile; fileRef = 3FD23C011AE1543C00DF976F /* RoomEntity.m */; };
/* End PBXBuildFile section */

/* Begin PBXContainerItemProxy section */
		3FD23BD51AE10A2700DF976F /* PBXContainerItemProxy */ = {
			isa = PBXContainerItemProxy;
			containerPortal = 3FD23BB31AE10A2700DF976F /* Project object */;
			proxyType = 1;
			remoteGlobalIDString = 3FD23BBA1AE10A2700DF976F;
			remoteInfo = PCMiner;
		};
/* End PBXContainerItemProxy section */

/* Begin PBXFileReference section */
		3FD23BBB1AE10A2700DF976F /* PCMiner.app */ = {isa = PBXFileReference; explicitFileType = wrapper.application; includeInIndex = 0; path = PCMiner.app; sourceTree = BUILT_PRODUCTS_DIR; };
		3FD23BBF1AE10A2700DF976F /* Info.plist */ = {isa = PBXFileReference; lastKnownFileType = text.plist.xml; path = Info.plist; sourceTree = "<group>"; };
		3FD23BC01AE10A2700DF976F /* main.m */ = {isa = PBXFileReference; lastKnownFileType = sourcecode.c.objc; path = main.m; sourceTree = "<group>"; };
		3FD23BC21AE10A2700DF976F /* AppDelegate.h */ = {isa = PBXFileReference; lastKnownFileType = sourcecode.c.h; path = AppDelegate.h; sourceTree = "<group>"; };
		3FD23BC31AE10A2700DF976F /* AppDelegate.m */ = {isa = PBXFileReference; lastKnownFileType = sourcecode.c.objc; path = AppDelegate.m; sourceTree = "<group>"; };
		3FD23BC51AE10A2700DF976F /* ViewController.h */ = {isa = PBXFileReference; lastKnownFileType = sourcecode.c.h; path = ViewController.h; sourceTree = "<group>"; };
		3FD23BC61AE10A2700DF976F /* ViewController.m */ = {isa = PBXFileReference; lastKnownFileType = sourcecode.c.objc; path = ViewController.m; sourceTree = "<group>"; };
		3FD23BC91AE10A2700DF976F /* Base */ = {isa = PBXFileReference; lastKnownFileType = file.storyboard; name = Base; path = Base.lproj/Main.storyboard; sourceTree = "<group>"; };
		3FD23BCB1AE10A2700DF976F /* Images.xcassets */ = {isa = PBXFileReference; lastKnownFileType = folder.assetcatalog; path = Images.xcassets; sourceTree = "<group>"; };
		3FD23BCE1AE10A2700DF976F /* Base */ = {isa = PBXFileReference; lastKnownFileType = file.xib; name = Base; path = Base.lproj/LaunchScreen.xib; sourceTree = "<group>"; };
		3FD23BD41AE10A2700DF976F /* PCMinerTests.xctest */ = {isa = PBXFileReference; explicitFileType = wrapper.cfbundle; includeInIndex = 0; path = PCMinerTests.xctest; sourceTree = BUILT_PRODUCTS_DIR; };
		3FD23BD91AE10A2700DF976F /* Info.plist */ = {isa = PBXFileReference; lastKnownFileType = text.plist.xml; path = Info.plist; sourceTree = "<group>"; };
		3FD23BDA1AE10A2700DF976F /* PCMinerTests.m */ = {isa = PBXFileReference; lastKnownFileType = sourcecode.c.objc; path = PCMinerTests.m; sourceTree = "<group>"; };
		3FD23BE51AE1190C00DF976F /* Device.h */ = {isa = PBXFileReference; fileEncoding = 4; lastKnownFileType = sourcecode.c.h; path = Device.h; sourceTree = "<group>"; };
		3FD23BE61AE1190C00DF976F /* Device.m */ = {isa = PBXFileReference; fileEncoding = 4; lastKnownFileType = sourcecode.c.objc; path = Device.m; sourceTree = "<group>"; };
		3FD23BE81AE11EC400DF976F /* Computer.h */ = {isa = PBXFileReference; fileEncoding = 4; lastKnownFileType = sourcecode.c.h; path = Computer.h; sourceTree = "<group>"; };
		3FD23BE91AE11EC400DF976F /* Computer.m */ = {isa = PBXFileReference; fileEncoding = 4; lastKnownFileType = sourcecode.c.objc; path = Computer.m; sourceTree = "<group>"; };
		3FD23BEB1AE129A600DF976F /* Room.h */ = {isa = PBXFileReference; fileEncoding = 4; lastKnownFileType = sourcecode.c.h; path = Room.h; sourceTree = "<group>"; };
		3FD23BEC1AE129A600DF976F /* Room.m */ = {isa = PBXFileReference; fileEncoding = 4; lastKnownFileType = sourcecode.c.objc; path = Room.m; sourceTree = "<group>"; };
		3FD23BF41AE13D6600DF976F /* RoomInteractorInput.h */ = {isa = PBXFileReference; lastKnownFileType = sourcecode.c.h; path = RoomInteractorInput.h; sourceTree = "<group>"; };
		3FD23BF51AE13D8600DF976F /* RoomInteractorOutput.h */ = {isa = PBXFileReference; lastKnownFileType = sourcecode.c.h; path = RoomInteractorOutput.h; sourceTree = "<group>"; };
		3FD23BF61AE13EBF00DF976F /* RoomInteractor.h */ = {isa = PBXFileReference; fileEncoding = 4; lastKnownFileType = sourcecode.c.h; path = RoomInteractor.h; sourceTree = "<group>"; };
		3FD23BF71AE13EBF00DF976F /* RoomInteractor.m */ = {isa = PBXFileReference; fileEncoding = 4; lastKnownFileType = sourcecode.c.objc; path = RoomInteractor.m; sourceTree = "<group>"; };
		3FD23BF91AE14F3400DF976F /* RoomViewModel.h */ = {isa = PBXFileReference; fileEncoding = 4; lastKnownFileType = sourcecode.c.h; path = RoomViewModel.h; sourceTree = "<group>"; };
		3FD23BFA1AE14F3400DF976F /* RoomViewModel.m */ = {isa = PBXFileReference; fileEncoding = 4; lastKnownFileType = sourcecode.c.objc; path = RoomViewModel.m; sourceTree = "<group>"; };
		3FD23BFC1AE1519100DF976F /* DataStore.h */ = {isa = PBXFileReference; fileEncoding = 4; lastKnownFileType = sourcecode.c.h; path = DataStore.h; sourceTree = "<group>"; };
		3FD23BFD1AE1519100DF976F /* DataStore.m */ = {isa = PBXFileReference; fileEncoding = 4; lastKnownFileType = sourcecode.c.objc; path = DataStore.m; sourceTree = "<group>"; };
		3FD23BFF1AE1520B00DF976F /* DataStoreInterface.h */ = {isa = PBXFileReference; lastKnownFileType = sourcecode.c.h; path = DataStoreInterface.h; sourceTree = "<group>"; };
		3FD23C001AE1543C00DF976F /* RoomEntity.h */ = {isa = PBXFileReference; fileEncoding = 4; lastKnownFileType = sourcecode.c.h; path = RoomEntity.h; sourceTree = "<group>"; };
		3FD23C011AE1543C00DF976F /* RoomEntity.m */ = {isa = PBXFileReference; fileEncoding = 4; lastKnownFileType = sourcecode.c.objc; path = RoomEntity.m; sourceTree = "<group>"; };
/* End PBXFileReference section */

/* Begin PBXFrameworksBuildPhase section */
		3FD23BB81AE10A2700DF976F /* Frameworks */ = {
			isa = PBXFrameworksBuildPhase;
			buildActionMask = 2147483647;
			files = (
			);
			runOnlyForDeploymentPostprocessing = 0;
		};
		3FD23BD11AE10A2700DF976F /* Frameworks */ = {
			isa = PBXFrameworksBuildPhase;
			buildActionMask = 2147483647;
			files = (
			);
			runOnlyForDeploymentPostprocessing = 0;
		};
/* End PBXFrameworksBuildPhase section */

/* Begin PBXGroup section */
		3FD23BB21AE10A2700DF976F = {
			isa = PBXGroup;
			children = (
				3FD23BBD1AE10A2700DF976F /* PCMiner */,
				3FD23BD71AE10A2700DF976F /* PCMinerTests */,
				3FD23BBC1AE10A2700DF976F /* Products */,
			);
			sourceTree = "<group>";
		};
		3FD23BBC1AE10A2700DF976F /* Products */ = {
			isa = PBXGroup;
			children = (
				3FD23BBB1AE10A2700DF976F /* PCMiner.app */,
				3FD23BD41AE10A2700DF976F /* PCMinerTests.xctest */,
			);
			name = Products;
			sourceTree = "<group>";
		};
		3FD23BBD1AE10A2700DF976F /* PCMiner */ = {
			isa = PBXGroup;
			children = (
				3FD23BF01AE12C2C00DF976F /* Interactions */,
				3FD23BEF1AE12BA900DF976F /* DataSore */,
				3FD23BEE1AE12AD300DF976F /* Model */,
				3FD23BC21AE10A2700DF976F /* AppDelegate.h */,
				3FD23BC31AE10A2700DF976F /* AppDelegate.m */,
				3FD23BC51AE10A2700DF976F /* ViewController.h */,
				3FD23BC61AE10A2700DF976F /* ViewController.m */,
				3FD23BC81AE10A2700DF976F /* Main.storyboard */,
				3FD23BCB1AE10A2700DF976F /* Images.xcassets */,
				3FD23BCD1AE10A2700DF976F /* LaunchScreen.xib */,
				3FD23BBE1AE10A2700DF976F /* Supporting Files */,
			);
			path = PCMiner;
			sourceTree = "<group>";
		};
		3FD23BBE1AE10A2700DF976F /* Supporting Files */ = {
			isa = PBXGroup;
			children = (
				3FD23BBF1AE10A2700DF976F /* Info.plist */,
				3FD23BC01AE10A2700DF976F /* main.m */,
			);
			name = "Supporting Files";
			sourceTree = "<group>";
		};
		3FD23BD71AE10A2700DF976F /* PCMinerTests */ = {
			isa = PBXGroup;
			children = (
				3FD23BDA1AE10A2700DF976F /* PCMinerTests.m */,
				3FD23BD81AE10A2700DF976F /* Supporting Files */,
			);
			path = PCMinerTests;
			sourceTree = "<group>";
		};
		3FD23BD81AE10A2700DF976F /* Supporting Files */ = {
			isa = PBXGroup;
			children = (
				3FD23BD91AE10A2700DF976F /* Info.plist */,
			);
			name = "Supporting Files";
			sourceTree = "<group>";
		};
		3FD23BEE1AE12AD300DF976F /* Model */ = {
			isa = PBXGroup;
			children = (
				3FD23BE51AE1190C00DF976F /* Device.h */,
				3FD23BE61AE1190C00DF976F /* Device.m */,
				3FD23BE81AE11EC400DF976F /* Computer.h */,
				3FD23BE91AE11EC400DF976F /* Computer.m */,
				3FD23BEB1AE129A600DF976F /* Room.h */,
				3FD23BEC1AE129A600DF976F /* Room.m */,
			);
			name = Model;
			sourceTree = "<group>";
		};
		3FD23BEF1AE12BA900DF976F /* DataSore */ = {
			isa = PBXGroup;
			children = (
				3FD23C001AE1543C00DF976F /* RoomEntity.h */,
				3FD23C011AE1543C00DF976F /* RoomEntity.m */,
				3FD23BFC1AE1519100DF976F /* DataStore.h */,
				3FD23BFD1AE1519100DF976F /* DataStore.m */,
				3FD23BFF1AE1520B00DF976F /* DataStoreInterface.h */,
			);
			name = DataSore;
			sourceTree = "<group>";
		};
		3FD23BF01AE12C2C00DF976F /* Interactions */ = {
			isa = PBXGroup;
			children = (
				3FD23BF41AE13D6600DF976F /* RoomInteractorInput.h */,
				3FD23BF51AE13D8600DF976F /* RoomInteractorOutput.h */,
				3FD23BF61AE13EBF00DF976F /* RoomInteractor.h */,
				3FD23BF71AE13EBF00DF976F /* RoomInteractor.m */,
				3FD23BF91AE14F3400DF976F /* RoomViewModel.h */,
				3FD23BFA1AE14F3400DF976F /* RoomViewModel.m */,
			);
			name = Interactions;
			sourceTree = "<group>";
		};
/* End PBXGroup section */

/* Begin PBXNativeTarget section */
		3FD23BBA1AE10A2700DF976F /* PCMiner */ = {
			isa = PBXNativeTarget;
			buildConfigurationList = 3FD23BDE1AE10A2700DF976F /* Build configuration list for PBXNativeTarget "PCMiner" */;
			buildPhases = (
				3FD23BB71AE10A2700DF976F /* Sources */,
				3FD23BB81AE10A2700DF976F /* Frameworks */,
				3FD23BB91AE10A2700DF976F /* Resources */,
			);
			buildRules = (
			);
			dependencies = (
			);
			name = PCMiner;
			productName = PCMiner;
			productReference = 3FD23BBB1AE10A2700DF976F /* PCMiner.app */;
			productType = "com.apple.product-type.application";
		};
		3FD23BD31AE10A2700DF976F /* PCMinerTests */ = {
			isa = PBXNativeTarget;
			buildConfigurationList = 3FD23BE11AE10A2700DF976F /* Build configuration list for PBXNativeTarget "PCMinerTests" */;
			buildPhases = (
				3FD23BD01AE10A2700DF976F /* Sources */,
				3FD23BD11AE10A2700DF976F /* Frameworks */,
				3FD23BD21AE10A2700DF976F /* Resources */,
			);
			buildRules = (
			);
			dependencies = (
				3FD23BD61AE10A2700DF976F /* PBXTargetDependency */,
			);
			name = PCMinerTests;
			productName = PCMinerTests;
			productReference = 3FD23BD41AE10A2700DF976F /* PCMinerTests.xctest */;
			productType = "com.apple.product-type.bundle.unit-test";
		};
/* End PBXNativeTarget section */

/* Begin PBXProject section */
		3FD23BB31AE10A2700DF976F /* Project object */ = {
			isa = PBXProject;
			attributes = {
				LastUpgradeCheck = 0630;
				ORGANIZATIONNAME = "Ostap Horbach";
				TargetAttributes = {
					3FD23BBA1AE10A2700DF976F = {
						CreatedOnToolsVersion = 6.3;
					};
					3FD23BD31AE10A2700DF976F = {
						CreatedOnToolsVersion = 6.3;
						TestTargetID = 3FD23BBA1AE10A2700DF976F;
					};
				};
			};
			buildConfigurationList = 3FD23BB61AE10A2700DF976F /* Build configuration list for PBXProject "PCMiner" */;
			compatibilityVersion = "Xcode 3.2";
			developmentRegion = English;
			hasScannedForEncodings = 0;
			knownRegions = (
				en,
				Base,
			);
			mainGroup = 3FD23BB21AE10A2700DF976F;
			productRefGroup = 3FD23BBC1AE10A2700DF976F /* Products */;
			projectDirPath = "";
			projectRoot = "";
			targets = (
				3FD23BBA1AE10A2700DF976F /* PCMiner */,
				3FD23BD31AE10A2700DF976F /* PCMinerTests */,
			);
		};
/* End PBXProject section */

/* Begin PBXResourcesBuildPhase section */
		3FD23BB91AE10A2700DF976F /* Resources */ = {
			isa = PBXResourcesBuildPhase;
			buildActionMask = 2147483647;
			files = (
				3FD23BCA1AE10A2700DF976F /* Main.storyboard in Resources */,
				3FD23BCF1AE10A2700DF976F /* LaunchScreen.xib in Resources */,
				3FD23BCC1AE10A2700DF976F /* Images.xcassets in Resources */,
			);
			runOnlyForDeploymentPostprocessing = 0;
		};
		3FD23BD21AE10A2700DF976F /* Resources */ = {
			isa = PBXResourcesBuildPhase;
			buildActionMask = 2147483647;
			files = (
			);
			runOnlyForDeploymentPostprocessing = 0;
		};
/* End PBXResourcesBuildPhase section */

/* Begin PBXSourcesBuildPhase section */
		3FD23BB71AE10A2700DF976F /* Sources */ = {
			isa = PBXSourcesBuildPhase;
			buildActionMask = 2147483647;
			files = (
				3FD23BED1AE129A600DF976F /* Room.m in Sources */,
				3FD23BC71AE10A2700DF976F /* ViewController.m in Sources */,
				3FD23BC41AE10A2700DF976F /* AppDelegate.m in Sources */,
				3FD23BFB1AE14F3400DF976F /* RoomViewModel.m in Sources */,
				3FD23BC11AE10A2700DF976F /* main.m in Sources */,
				3FD23C021AE1543C00DF976F /* RoomEntity.m in Sources */,
				3FD23BEA1AE11EC400DF976F /* Computer.m in Sources */,
				3FD23BF81AE13EBF00DF976F /* RoomInteractor.m in Sources */,
				3FD23BE71AE1190C00DF976F /* Device.m in Sources */,
				3FD23BFE1AE1519100DF976F /* DataStore.m in Sources */,
			);
			runOnlyForDeploymentPostprocessing = 0;
		};
		3FD23BD01AE10A2700DF976F /* Sources */ = {
			isa = PBXSourcesBuildPhase;
			buildActionMask = 2147483647;
			files = (
				3FD23BDB1AE10A2700DF976F /* PCMinerTests.m in Sources */,
			);
			runOnlyForDeploymentPostprocessing = 0;
		};
/* End PBXSourcesBuildPhase section */

/* Begin PBXTargetDependency section */
		3FD23BD61AE10A2700DF976F /* PBXTargetDependency */ = {
			isa = PBXTargetDependency;
			target = 3FD23BBA1AE10A2700DF976F /* PCMiner */;
			targetProxy = 3FD23BD51AE10A2700DF976F /* PBXContainerItemProxy */;
		};
/* End PBXTargetDependency section */

/* Begin PBXVariantGroup section */
		3FD23BC81AE10A2700DF976F /* Main.storyboard */ = {
			isa = PBXVariantGroup;
			children = (
				3FD23BC91AE10A2700DF976F /* Base */,
			);
			name = Main.storyboard;
			sourceTree = "<group>";
		};
		3FD23BCD1AE10A2700DF976F /* LaunchScreen.xib */ = {
			isa = PBXVariantGroup;
			children = (
				3FD23BCE1AE10A2700DF976F /* Base */,
			);
			name = LaunchScreen.xib;
			sourceTree = "<group>";
		};
/* End PBXVariantGroup section */

/* Begin XCBuildConfiguration section */
		3FD23BDC1AE10A2700DF976F /* Debug */ = {
			isa = XCBuildConfiguration;
			buildSettings = {
				ALWAYS_SEARCH_USER_PATHS = NO;
				CLANG_CXX_LANGUAGE_STANDARD = "gnu++0x";
				CLANG_CXX_LIBRARY = "libc++";
				CLANG_ENABLE_MODULES = YES;
				CLANG_ENABLE_OBJC_ARC = YES;
				CLANG_WARN_BOOL_CONVERSION = YES;
				CLANG_WARN_CONSTANT_CONVERSION = YES;
				CLANG_WARN_DIRECT_OBJC_ISA_USAGE = YES_ERROR;
				CLANG_WARN_EMPTY_BODY = YES;
				CLANG_WARN_ENUM_CONVERSION = YES;
				CLANG_WARN_INT_CONVERSION = YES;
				CLANG_WARN_OBJC_ROOT_CLASS = YES_ERROR;
				CLANG_WARN_UNREACHABLE_CODE = YES;
				CLANG_WARN__DUPLICATE_METHOD_MATCH = YES;
				"CODE_SIGN_IDENTITY[sdk=iphoneos*]" = "iPhone Developer";
				COPY_PHASE_STRIP = NO;
				DEBUG_INFORMATION_FORMAT = "dwarf-with-dsym";
				ENABLE_STRICT_OBJC_MSGSEND = YES;
				GCC_C_LANGUAGE_STANDARD = gnu99;
				GCC_DYNAMIC_NO_PIC = NO;
				GCC_NO_COMMON_BLOCKS = YES;
				GCC_OPTIMIZATION_LEVEL = 0;
				GCC_PREPROCESSOR_DEFINITIONS = (
					"DEBUG=1",
					"$(inherited)",
				);
				GCC_SYMBOLS_PRIVATE_EXTERN = NO;
				GCC_WARN_64_TO_32_BIT_CONVERSION = YES;
				GCC_WARN_ABOUT_RETURN_TYPE = YES_ERROR;
				GCC_WARN_UNDECLARED_SELECTOR = YES;
				GCC_WARN_UNINITIALIZED_AUTOS = YES_AGGRESSIVE;
				GCC_WARN_UNUSED_FUNCTION = YES;
				GCC_WARN_UNUSED_VARIABLE = YES;
				IPHONEOS_DEPLOYMENT_TARGET = 8.3;
				MTL_ENABLE_DEBUG_INFO = YES;
				ONLY_ACTIVE_ARCH = YES;
				SDKROOT = iphoneos;
			};
			name = Debug;
		};
		3FD23BDD1AE10A2700DF976F /* Release */ = {
			isa = XCBuildConfiguration;
			buildSettings = {
				ALWAYS_SEARCH_USER_PATHS = NO;
				CLANG_CXX_LANGUAGE_STANDARD = "gnu++0x";
				CLANG_CXX_LIBRARY = "libc++";
				CLANG_ENABLE_MODULES = YES;
				CLANG_ENABLE_OBJC_ARC = YES;
				CLANG_WARN_BOOL_CONVERSION = YES;
				CLANG_WARN_CONSTANT_CONVERSION = YES;
				CLANG_WARN_DIRECT_OBJC_ISA_USAGE = YES_ERROR;
				CLANG_WARN_EMPTY_BODY = YES;
				CLANG_WARN_ENUM_CONVERSION = YES;
				CLANG_WARN_INT_CONVERSION = YES;
				CLANG_WARN_OBJC_ROOT_CLASS = YES_ERROR;
				CLANG_WARN_UNREACHABLE_CODE = YES;
				CLANG_WARN__DUPLICATE_METHOD_MATCH = YES;
				"CODE_SIGN_IDENTITY[sdk=iphoneos*]" = "iPhone Developer";
				COPY_PHASE_STRIP = NO;
				DEBUG_INFORMATION_FORMAT = "dwarf-with-dsym";
				ENABLE_NS_ASSERTIONS = NO;
				ENABLE_STRICT_OBJC_MSGSEND = YES;
				GCC_C_LANGUAGE_STANDARD = gnu99;
				GCC_NO_COMMON_BLOCKS = YES;
				GCC_WARN_64_TO_32_BIT_CONVERSION = YES;
				GCC_WARN_ABOUT_RETURN_TYPE = YES_ERROR;
				GCC_WARN_UNDECLARED_SELECTOR = YES;
				GCC_WARN_UNINITIALIZED_AUTOS = YES_AGGRESSIVE;
				GCC_WARN_UNUSED_FUNCTION = YES;
				GCC_WARN_UNUSED_VARIABLE = YES;
				IPHONEOS_DEPLOYMENT_TARGET = 8.3;
				MTL_ENABLE_DEBUG_INFO = NO;
				SDKROOT = iphoneos;
				VALIDATE_PRODUCT = YES;
			};
			name = Release;
		};
		3FD23BDF1AE10A2700DF976F /* Debug */ = {
			isa = XCBuildConfiguration;
			buildSettings = {
				ASSETCATALOG_COMPILER_APPICON_NAME = AppIcon;
				INFOPLIST_FILE = PCMiner/Info.plist;
				LD_RUNPATH_SEARCH_PATHS = "$(inherited) @executable_path/Frameworks";
				PRODUCT_NAME = "$(TARGET_NAME)";
			};
			name = Debug;
		};
		3FD23BE01AE10A2700DF976F /* Release */ = {
			isa = XCBuildConfiguration;
			buildSettings = {
				ASSETCATALOG_COMPILER_APPICON_NAME = AppIcon;
				INFOPLIST_FILE = PCMiner/Info.plist;
				LD_RUNPATH_SEARCH_PATHS = "$(inherited) @executable_path/Frameworks";
				PRODUCT_NAME = "$(TARGET_NAME)";
			};
			name = Release;
		};
		3FD23BE21AE10A2700DF976F /* Debug */ = {
			isa = XCBuildConfiguration;
			buildSettings = {
				BUNDLE_LOADER = "$(TEST_HOST)";
				FRAMEWORK_SEARCH_PATHS = (
					"$(SDKROOT)/Developer/Library/Frameworks",
					"$(inherited)",
				);
				GCC_PREPROCESSOR_DEFINITIONS = (
					"DEBUG=1",
					"$(inherited)",
				);
				INFOPLIST_FILE = PCMinerTests/Info.plist;
				LD_RUNPATH_SEARCH_PATHS = "$(inherited) @executable_path/Frameworks @loader_path/Frameworks";
				PRODUCT_NAME = "$(TARGET_NAME)";
				TEST_HOST = "$(BUILT_PRODUCTS_DIR)/PCMiner.app/PCMiner";
			};
			name = Debug;
		};
		3FD23BE31AE10A2700DF976F /* Release */ = {
			isa = XCBuildConfiguration;
			buildSettings = {
				BUNDLE_LOADER = "$(TEST_HOST)";
				FRAMEWORK_SEARCH_PATHS = (
					"$(SDKROOT)/Developer/Library/Frameworks",
					"$(inherited)",
				);
				INFOPLIST_FILE = PCMinerTests/Info.plist;
				LD_RUNPATH_SEARCH_PATHS = "$(inherited) @executable_path/Frameworks @loader_path/Frameworks";
				PRODUCT_NAME = "$(TARGET_NAME)";
				TEST_HOST = "$(BUILT_PRODUCTS_DIR)/PCMiner.app/PCMiner";
			};
			name = Release;
		};
/* End XCBuildConfiguration section */

/* Begin XCConfigurationList section */
		3FD23BB61AE10A2700DF976F /* Build configuration list for PBXProject "PCMiner" */ = {
			isa = XCConfigurationList;
			buildConfigurations = (
				3FD23BDC1AE10A2700DF976F /* Debug */,
				3FD23BDD1AE10A2700DF976F /* Release */,
			);
			defaultConfigurationIsVisible = 0;
			defaultConfigurationName = Release;
		};
		3FD23BDE1AE10A2700DF976F /* Build configuration list for PBXNativeTarget "PCMiner" */ = {
			isa = XCConfigurationList;
			buildConfigurations = (
				3FD23BDF1AE10A2700DF976F /* Debug */,
				3FD23BE01AE10A2700DF976F /* Release */,
			);
			defaultConfigurationIsVisible = 0;
		};
		3FD23BE11AE10A2700DF976F /* Build configuration list for PBXNativeTarget "PCMinerTests" */ = {
			isa = XCConfigurationList;
			buildConfigurations = (
				3FD23BE21AE10A2700DF976F /* Debug */,
				3FD23BE31AE10A2700DF976F /* Release */,
			);
			defaultConfigurationIsVisible = 0;
		};
/* End XCConfigurationList section */
	};
	rootObject = 3FD23BB31AE10A2700DF976F /* Project object */;
}
